
Microsoft Visual Studio Solution File, Format Version 12.00
# Visual Studio Version 17
VisualStudioVersion = 17.4.33103.184
MinimumVisualStudioVersion = 10.0.40219.1
Project("{FAE04EC0-301F-11D3-BF4B-00C04F79EFBC}") = "ConsoleApp9", "ConsoleApp9.csproj", "{7529779F-077B-4059-B218-6CC8BF3DE92D}"
EndProject
Global
	GlobalSection(SolutionConfigurationPlatforms) = preSolution
		Debug|Any CPU = Debug|Any CPU
		Release|Any CPU = Release|Any CPU
	EndGlobalSection
	GlobalSection(ProjectConfigurationPlatforms) = postSolution
		{7529779F-077B-4059-B218-6CC8BF3DE92D}.Debug|Any CPU.ActiveCfg = Debug|Any CPU
		{7529779F-077B-4059-B218-6CC8BF3DE92D}.Debug|Any CPU.Build.0 = Debug|Any CPU
		{7529779F-077B-4059-B218-6CC8BF3DE92D}.Release|Any CPU.ActiveCfg = Release|Any CPU
		{7529779F-077B-4059-B218-6CC8BF3DE92D}.Release|Any CPU.Build.0 = Release|Any CPU
	EndGlobalSection
	GlobalSection(SolutionProperties) = preSolution
		HideSolutionNode = FALSE
	EndGlobalSection
	GlobalSection(ExtensibilityGlobals) = postSolution
		SolutionGuid = {61A0CFD8-360C-4EE2-A740-230BBC0EB446}
	EndGlobalSection
EndGlobal
